
Microsoft Visual Studio Solution File, Format Version 12.00
# Visual Studio 15
VisualStudioVersion = 15.0.28307.779
MinimumVisualStudioVersion = 10.0.40219.1
Project("{FAE04EC0-301F-11D3-BF4B-00C04F79EFBC}") = "TestForms", "TestForms\TestForms.csproj", "{FCC0CD73-962B-4063-96D6-BAC8D7EEF696}"
EndProject
Global
	GlobalSection(SolutionConfigurationPlatforms) = preSolution
		Debug|Any CPU = Debug|Any CPU
		Release|Any CPU = Release|Any CPU
	EndGlobalSection
	GlobalSection(ProjectConfigurationPlatforms) = postSolution
		{FCC0CD73-962B-4063-96D6-BAC8D7EEF696}.Debug|Any CPU.ActiveCfg = Debug|Any CPU
		{FCC0CD73-962B-4063-96D6-BAC8D7EEF696}.Debug|Any CPU.Build.0 = Debug|Any CPU
		{FCC0CD73-962B-4063-96D6-BAC8D7EEF696}.Release|Any CPU.ActiveCfg = Release|Any CPU
		{FCC0CD73-962B-4063-96D6-BAC8D7EEF696}.Release|Any CPU.Build.0 = Release|Any CPU
	EndGlobalSection
	GlobalSection(SolutionProperties) = preSolution
		HideSolutionNode = FALSE
	EndGlobalSection
	GlobalSection(ExtensibilityGlobals) = postSolution
		SolutionGuid = {21E0D14E-9D33-4033-8E2E-D52F82691424}
	EndGlobalSection
EndGlobal
