
Microsoft Visual Studio Solution File, Format Version 12.00
# Visual Studio 15
VisualStudioVersion = 15.0.28010.2016
MinimumVisualStudioVersion = 10.0.40219.1
Project("{FAE04EC0-301F-11D3-BF4B-00C04F79EFBC}") = "ConsoleApp6", "ConsoleApp6\ConsoleApp6.csproj", "{27314A50-A7C7-4A4A-A899-4FFB691AA6B7}"
EndProject
Global
	GlobalSection(SolutionConfigurationPlatforms) = preSolution
		Debug|Any CPU = Debug|Any CPU
		Release|Any CPU = Release|Any CPU
	EndGlobalSection
	GlobalSection(ProjectConfigurationPlatforms) = postSolution
		{27314A50-A7C7-4A4A-A899-4FFB691AA6B7}.Debug|Any CPU.ActiveCfg = Debug|Any CPU
		{27314A50-A7C7-4A4A-A899-4FFB691AA6B7}.Debug|Any CPU.Build.0 = Debug|Any CPU
		{27314A50-A7C7-4A4A-A899-4FFB691AA6B7}.Release|Any CPU.ActiveCfg = Release|Any CPU
		{27314A50-A7C7-4A4A-A899-4FFB691AA6B7}.Release|Any CPU.Build.0 = Release|Any CPU
	EndGlobalSection
	GlobalSection(SolutionProperties) = preSolution
		HideSolutionNode = FALSE
	EndGlobalSection
	GlobalSection(ExtensibilityGlobals) = postSolution
		SolutionGuid = {5A8583C5-463D-4DD6-89F4-9F11F0835E44}
	EndGlobalSection
EndGlobal
